
Microsoft Visual Studio Solution File, Format Version 12.00
# Visual Studio Version 17
VisualStudioVersion = 17.3.32901.215
MinimumVisualStudioVersion = 10.0.40219.1
Project("{FAE04EC0-301F-11D3-BF4B-00C04F79EFBC}") = "MovieRating", "MovieRating\MovieRating.csproj", "{BE8282AB-4383-4912-BCA2-841110390CC3}"
EndProject
Project("{FAE04EC0-301F-11D3-BF4B-00C04F79EFBC}") = "TestReview", "TestReview\TestReview.csproj", "{C8572A52-777B-45E0-89F0-CE7BCE579742}"
EndProject
Global
	GlobalSection(SolutionConfigurationPlatforms) = preSolution
		Debug|Any CPU = Debug|Any CPU
		Release|Any CPU = Release|Any CPU
	EndGlobalSection
	GlobalSection(ProjectConfigurationPlatforms) = postSolution
		{BE8282AB-4383-4912-BCA2-841110390CC3}.Debug|Any CPU.ActiveCfg = Debug|Any CPU
		{BE8282AB-4383-4912-BCA2-841110390CC3}.Debug|Any CPU.Build.0 = Debug|Any CPU
		{BE8282AB-4383-4912-BCA2-841110390CC3}.Release|Any CPU.ActiveCfg = Release|Any CPU
		{BE8282AB-4383-4912-BCA2-841110390CC3}.Release|Any CPU.Build.0 = Release|Any CPU
		{C8572A52-777B-45E0-89F0-CE7BCE579742}.Debug|Any CPU.ActiveCfg = Debug|Any CPU
		{C8572A52-777B-45E0-89F0-CE7BCE579742}.Debug|Any CPU.Build.0 = Debug|Any CPU
		{C8572A52-777B-45E0-89F0-CE7BCE579742}.Release|Any CPU.ActiveCfg = Release|Any CPU
		{C8572A52-777B-45E0-89F0-CE7BCE579742}.Release|Any CPU.Build.0 = Release|Any CPU
	EndGlobalSection
	GlobalSection(SolutionProperties) = preSolution
		HideSolutionNode = FALSE
	EndGlobalSection
	GlobalSection(ExtensibilityGlobals) = postSolution
		SolutionGuid = {F1FDE1D1-97FC-45C0-8313-417FC4AC3205}
	EndGlobalSection
EndGlobal
